
Microsoft Visual Studio Solution File, Format Version 12.00
# Visual Studio Version 16
VisualStudioVersion = 16.0.34114.132
MinimumVisualStudioVersion = 10.0.40219.1
Project("{FAE04EC0-301F-11D3-BF4B-00C04F79EFBC}") = "Accessiblee", "Accessiblee\Accessiblee.csproj", "{3BE729C5-D7ED-4633-85B0-E61D2314922E}"
EndProject
Global
	GlobalSection(SolutionConfigurationPlatforms) = preSolution
		Debug|Any CPU = Debug|Any CPU
		Release|Any CPU = Release|Any CPU
	EndGlobalSection
	GlobalSection(ProjectConfigurationPlatforms) = postSolution
		{3BE729C5-D7ED-4633-85B0-E61D2314922E}.Debug|Any CPU.ActiveCfg = Debug|Any CPU
		{3BE729C5-D7ED-4633-85B0-E61D2314922E}.Debug|Any CPU.Build.0 = Debug|Any CPU
		{3BE729C5-D7ED-4633-85B0-E61D2314922E}.Release|Any CPU.ActiveCfg = Release|Any CPU
		{3BE729C5-D7ED-4633-85B0-E61D2314922E}.Release|Any CPU.Build.0 = Release|Any CPU
	EndGlobalSection
	GlobalSection(SolutionProperties) = preSolution
		HideSolutionNode = FALSE
	EndGlobalSection
	GlobalSection(ExtensibilityGlobals) = postSolution
		SolutionGuid = {5572FB93-A878-4902-9770-708440E35BD6}
	EndGlobalSection
EndGlobal
